{
  "name": "native-echarts",
  "version": "0.5.0",
  "lockfileVersion": 1,
  "requires": true,
  "dependencies": {
    "echarts": {
      "version": "3.2.3",
      "resolved": "https://registry.npmjs.org/echarts/-/echarts-3.2.3.tgz",
      "integrity": "sha1-TwHhW/2jNS/NjvkEnxPYRIlxolg=",
      "requires": {
        "zrender": "^3.1.3"
      }
    },
    "escape-string-regexp": {
      "version": "2.0.0",
      "resolved": "https://registry.npmjs.org/escape-string-regexp/-/escape-string-regexp-2.0.0.tgz",
      "integrity": "sha512-UpzcLCXolUWcNu5HtVMHYdXJjArjsF9C0aNnquZYY4uW/Vu0miy5YoWvbV345HauVvcAUnpRuhMMcqTcGOY2+w=="
    },
    "invariant": {
      "version": "2.2.4",
      "resolved": "https://registry.npmjs.org/invariant/-/invariant-2.2.4.tgz",
      "integrity": "sha512-phJfQVBuaJM5raOpJjSfkiD6BpbCE4Ns//LaXl6wGYtUBY83nWS6Rf9tXm2e8VaK60JEjYldbPif/A2B1C2gNA==",
      "requires": {
        "loose-envify": "^1.0.0"
      }
    },
    "js-tokens": {
      "version": "4.0.0",
      "resolved": "https://registry.npmjs.org/js-tokens/-/js-tokens-4.0.0.tgz",
      "integrity": "sha512-RdJUflcE3cUzKiMqQgsCu06FPu9UdIJO0beYbPhHN4k6apgJtifcoCtT9bcxOpYBtpD2kCM6Sbzg4CausW/PKQ=="
    },
    "loose-envify": {
      "version": "1.4.0",
      "resolved": "https://registry.npmjs.org/loose-envify/-/loose-envify-1.4.0.tgz",
      "integrity": "sha512-lyuxPGr/Wfhrlem2CL/UcnUc1zcqKAImBDzukY7Y5F/yQiNdko6+fRLevlw1HgMySw7f611UIY408EtxRSoK3Q==",
      "requires": {
        "js-tokens": "^3.0.0 || ^4.0.0"
      }
    },
    "react-native-webview": {
      "version": "11.2.1",
      "resolved": "https://registry.npmjs.org/react-native-webview/-/react-native-webview-11.2.1.tgz",
      "integrity": "sha512-dfChyqqWVJe0kdCuDZ4mJt+RgOYNie+rCjCrZ55OW6X7f/rvNVd3Mbnv/1mbYjU8wm5C3/1/oqVJoTB/7GAGjQ==",
      "requires": {
        "escape-string-regexp": "2.0.0",
        "invariant": "2.2.4"
      }
    },
    "zrender": {
      "version": "3.7.4",
      "resolved": "https://registry.npmjs.org/zrender/-/zrender-3.7.4.tgz",
      "integrity": "sha512-5Nz7+L1wIoL0+Pp/iOP56jD6eD017qC9VRSgUBheXBiAHgOBJZ4uh4/g6e83acIwa8RKSyZf/FlceKu5ntUuxQ=="
    }
  }
}
